
Microsoft Visual Studio Solution File, Format Version 12.00
# Visual Studio Version 16
VisualStudioVersion = 16.0.30804.86
MinimumVisualStudioVersion = 10.0.40219.1
Project("{FAE04EC0-301F-11D3-BF4B-00C04F79EFBC}") = "WebApiLocadora", "WebApiLocadora\WebApiLocadora.csproj", "{9F32A3A5-E36C-4DF7-B43E-F5325BB321CA}"
EndProject
Project("{FAE04EC0-301F-11D3-BF4B-00C04F79EFBC}") = "Locadora.Business", "Locadora.Business\Locadora.Business.csproj", "{95B25DE2-C4E6-4CF7-B312-47844C47AF37}"
EndProject
Project("{FAE04EC0-301F-11D3-BF4B-00C04F79EFBC}") = "Locadora.Data", "Locadora.Data\Locadora.Data.csproj", "{30F27767-1C25-43E8-AC18-816869D3253F}"
EndProject
Global
	GlobalSection(SolutionConfigurationPlatforms) = preSolution
		Debug|Any CPU = Debug|Any CPU
		Release|Any CPU = Release|Any CPU
	EndGlobalSection
	GlobalSection(ProjectConfigurationPlatforms) = postSolution
		{9F32A3A5-E36C-4DF7-B43E-F5325BB321CA}.Debug|Any CPU.ActiveCfg = Debug|Any CPU
		{9F32A3A5-E36C-4DF7-B43E-F5325BB321CA}.Debug|Any CPU.Build.0 = Debug|Any CPU
		{9F32A3A5-E36C-4DF7-B43E-F5325BB321CA}.Release|Any CPU.ActiveCfg = Release|Any CPU
		{9F32A3A5-E36C-4DF7-B43E-F5325BB321CA}.Release|Any CPU.Build.0 = Release|Any CPU
		{95B25DE2-C4E6-4CF7-B312-47844C47AF37}.Debug|Any CPU.ActiveCfg = Debug|Any CPU
		{95B25DE2-C4E6-4CF7-B312-47844C47AF37}.Debug|Any CPU.Build.0 = Debug|Any CPU
		{95B25DE2-C4E6-4CF7-B312-47844C47AF37}.Release|Any CPU.ActiveCfg = Release|Any CPU
		{95B25DE2-C4E6-4CF7-B312-47844C47AF37}.Release|Any CPU.Build.0 = Release|Any CPU
		{30F27767-1C25-43E8-AC18-816869D3253F}.Debug|Any CPU.ActiveCfg = Debug|Any CPU
		{30F27767-1C25-43E8-AC18-816869D3253F}.Debug|Any CPU.Build.0 = Debug|Any CPU
		{30F27767-1C25-43E8-AC18-816869D3253F}.Release|Any CPU.ActiveCfg = Release|Any CPU
		{30F27767-1C25-43E8-AC18-816869D3253F}.Release|Any CPU.Build.0 = Release|Any CPU
	EndGlobalSection
	GlobalSection(SolutionProperties) = preSolution
		HideSolutionNode = FALSE
	EndGlobalSection
	GlobalSection(ExtensibilityGlobals) = postSolution
		SolutionGuid = {32BBCC42-55FC-4AB4-9B2A-A3545611E500}
	EndGlobalSection
EndGlobal
